
Microsoft Visual Studio Solution File, Format Version 12.00
# Visual Studio 15
VisualStudioVersion = 15.0.26430.13
MinimumVisualStudioVersion = 10.0.40219.1
Project("{2150E333-8FDC-42A3-9474-1A3956D46DE8}") = "Examples", "Examples", "{955D9635-652E-4E04-A5E8-31059BB0CED5}"
EndProject
Project("{FAE04EC0-301F-11D3-BF4B-00C04F79EFBC}") = "XrmMoq.2016", "XrmMoq.2016\XrmMoq.2016.csproj", "{C2488BDF-7FD7-4994-B3DF-D37706D16644}"
EndProject
Project("{D954291E-2A0B-460D-934E-DC6B0785DB48}") = "XrmMoq.Shared", "XrmMoq.Shared\XrmMoq.Shared.shproj", "{67654009-1CFE-427C-97D2-B5FCA744343F}"
EndProject
Project("{FAE04EC0-301F-11D3-BF4B-00C04F79EFBC}") = "XrmMoq.2015", "XrmMoq.2015\XrmMoq.2015.csproj", "{37C23262-218B-4DDF-85EC-1B905F403415}"
EndProject
Project("{FAE04EC0-301F-11D3-BF4B-00C04F79EFBC}") = "XrmMoq.2013", "XrmMoq.2013\XrmMoq.2013.csproj", "{F14C6DC4-AD17-48C6-9127-9FCB1A587044}"
EndProject
Project("{FAE04EC0-301F-11D3-BF4B-00C04F79EFBC}") = "XrmMoq.2011", "XrmMoq.2011\XrmMoq.2011.csproj", "{E755CEB1-7CD9-4CE5-BA3B-8CFDDF34ACC6}"
EndProject
Project("{2150E333-8FDC-42A3-9474-1A3956D46DE8}") = "2016", "2016", "{17ECA4DB-AF2A-4237-B2A7-560DE96543AE}"
EndProject
Project("{FAE04EC0-301F-11D3-BF4B-00C04F79EFBC}") = "TestPlugin2016", "Examples\2016\TestPlugin2016\TestPlugin2016.csproj", "{97119408-1A5B-4CB0-83E8-164E21025C30}"
EndProject
Project("{FAE04EC0-301F-11D3-BF4B-00C04F79EFBC}") = "TestPlugin2016.Tests", "Examples\2016\TestPlugin2016.Tests\TestPlugin2016.Tests.csproj", "{053CD117-760D-498C-86AF-41AB8D9141A3}"
EndProject
Project("{FAE04EC0-301F-11D3-BF4B-00C04F79EFBC}") = "TestWorkflow2016", "Examples\2016\TestWorkflow2016\TestWorkflow2016.csproj", "{B6EF9A44-F90C-451B-B29F-381EA6A42C19}"
EndProject
Project("{FAE04EC0-301F-11D3-BF4B-00C04F79EFBC}") = "TestWorkflow2016.Tests", "Examples\2016\TestWorkflow2016.Tests\TestWorkflow2016.Tests.csproj", "{615F66C5-C4C7-4B93-9516-319C6D50E402}"
EndProject
Project("{FAE04EC0-301F-11D3-BF4B-00C04F79EFBC}") = "TestConsole2016", "Examples\2016\TestConsole2016\TestConsole2016.csproj", "{8918BDCE-4C6D-4F67-AB7A-6B754754B35F}"
EndProject
Project("{FAE04EC0-301F-11D3-BF4B-00C04F79EFBC}") = "TestConsole2016.Tests", "Examples\2016\TestConsole2016.Tests\TestConsole2016.Tests.csproj", "{1A9273F2-2830-4C0A-8B03-E5396055BF64}"
EndProject
Project("{2150E333-8FDC-42A3-9474-1A3956D46DE8}") = "2015", "2015", "{447E72FD-8AC4-46BA-AE34-CA145C9496E6}"
EndProject
Project("{FAE04EC0-301F-11D3-BF4B-00C04F79EFBC}") = "TestConsole2015", "Examples\2015\TestConsole2015\TestConsole2015.csproj", "{5A015C9F-5E0B-48A2-9672-83EF2034C76D}"
EndProject
Project("{FAE04EC0-301F-11D3-BF4B-00C04F79EFBC}") = "TestConsole2015.Tests", "Examples\2015\TestConsole2015.Tests\TestConsole2015.Tests.csproj", "{B96A9046-5DBE-4E4E-891F-72F2C4DE7521}"
EndProject
Project("{FAE04EC0-301F-11D3-BF4B-00C04F79EFBC}") = "TestPlugin2015", "Examples\2015\TestPlugin2015\TestPlugin2015.csproj", "{C3B6AD7F-37B9-4C67-93B1-90B1CA0998E9}"
EndProject
Project("{FAE04EC0-301F-11D3-BF4B-00C04F79EFBC}") = "TestPlugin2015.Tests", "Examples\2015\TestPlugin2015.Tests\TestPlugin2015.Tests.csproj", "{5DD9723C-D310-4FF0-B850-6B8EC4BBE105}"
EndProject
Project("{FAE04EC0-301F-11D3-BF4B-00C04F79EFBC}") = "TestWorkflow2015", "Examples\2015\TestWorkflow2015\TestWorkflow2015.csproj", "{BC17724F-20C5-4467-9827-330190C0E146}"
EndProject
Project("{FAE04EC0-301F-11D3-BF4B-00C04F79EFBC}") = "TestWorkflow2015.Tests", "Examples\2015\TestWorkflow2015.Tests\TestWorkflow2015.Tests.csproj", "{4EA33F13-4A59-4CA8-9472-33D4F4EED692}"
EndProject
Project("{2150E333-8FDC-42A3-9474-1A3956D46DE8}") = "2013", "2013", "{2C499ED7-1562-4693-8A37-22EBBE320D13}"
EndProject
Project("{FAE04EC0-301F-11D3-BF4B-00C04F79EFBC}") = "TestConsole2013", "Examples\2013\TestConsole2013\TestConsole2013.csproj", "{4A9A76DF-9103-497B-8402-2B9EA12F194C}"
EndProject
Project("{FAE04EC0-301F-11D3-BF4B-00C04F79EFBC}") = "TestConsole2013.Tests", "Examples\2013\TestConsole2013.Tests\TestConsole2013.Tests.csproj", "{B787DD80-F522-4623-B93F-1D6701CBCFDC}"
EndProject
Project("{FAE04EC0-301F-11D3-BF4B-00C04F79EFBC}") = "TestPlugin2013", "Examples\2013\TestPlugin2013\TestPlugin2013.csproj", "{B6F569B8-3308-4C4F-B7C7-6E79E6C6A466}"
EndProject
Project("{FAE04EC0-301F-11D3-BF4B-00C04F79EFBC}") = "TestPlugin2013.Tests", "Examples\2013\TestPlugin2013.Tests\TestPlugin2013.Tests.csproj", "{A1398121-92BD-4F5B-9D2D-F3672B702488}"
EndProject
Project("{FAE04EC0-301F-11D3-BF4B-00C04F79EFBC}") = "TestWorkflow2013", "Examples\2013\TestWorkflow2013\TestWorkflow2013.csproj", "{9D2090B5-8282-4447-9B8F-225C6EEACDA4}"
EndProject
Project("{FAE04EC0-301F-11D3-BF4B-00C04F79EFBC}") = "TestWorkflow2013.Tests", "Examples\2013\TestWorkflow2013.Tests\TestWorkflow2013.Tests.csproj", "{494F0790-F816-497E-BCE7-3D25A7CE758E}"
EndProject
Project("{2150E333-8FDC-42A3-9474-1A3956D46DE8}") = "2011", "2011", "{AB58FAC8-B8CD-49AB-BA06-434A56F89F57}"
EndProject
Project("{FAE04EC0-301F-11D3-BF4B-00C04F79EFBC}") = "TestConsole2011", "Examples\2011\TestConsole2011\TestConsole2011.csproj", "{5FBDF385-AA1B-4C8F-94C3-EE17CFE452CA}"
EndProject
Project("{FAE04EC0-301F-11D3-BF4B-00C04F79EFBC}") = "TestConsole2011.Tests", "Examples\2011\TestConsole2011.Tests\TestConsole2011.Tests.csproj", "{454BAF39-E1EC-4107-9CB0-9EF1CCA45F61}"
EndProject
Project("{FAE04EC0-301F-11D3-BF4B-00C04F79EFBC}") = "TestPlugin2011", "Examples\2011\TestPlugin2011\TestPlugin2011.csproj", "{6B6C5CDD-6F30-42BF-8B7B-7406D1507DB4}"
EndProject
Project("{FAE04EC0-301F-11D3-BF4B-00C04F79EFBC}") = "TestPlugin2011.Tests", "Examples\2011\TestPlugin2011.Tests\TestPlugin2011.Tests.csproj", "{A2322BC2-2A64-48B8-93F2-26BECE407091}"
EndProject
Project("{FAE04EC0-301F-11D3-BF4B-00C04F79EFBC}") = "TestWorkflow2011", "Examples\2011\TestWorkflow2011\TestWorkflow2011.csproj", "{C411F134-2B8C-4EE5-9897-875017A2A663}"
EndProject
Project("{FAE04EC0-301F-11D3-BF4B-00C04F79EFBC}") = "TestWorkflow2011.Tests", "Examples\2011\TestWorkflow2011.Tests\TestWorkflow2011.Tests.csproj", "{F21BFEF4-7212-4C46-AECF-BC4B66EEB775}"
EndProject
Project("{D954291E-2A0B-460D-934E-DC6B0785DB48}") = "XrmMoq.Adapters.Shared", "XrmMoq.Adapters.Shared\XrmMoq.Adapters.Shared.shproj", "{4A3F80A9-DAC4-432B-97E6-A651DDC8FA0B}"
EndProject
Project("{D954291E-2A0B-460D-934E-DC6B0785DB48}") = "XrmMoq.Adapters.CrmServiceClient", "XrmMoq.Adapters.CrmServiceClient\XrmMoq.Adapters.CrmServiceClient.shproj", "{A6E17331-987B-4937-B626-843357A7DE04}"
EndProject
Project("{D954291E-2A0B-460D-934E-DC6B0785DB48}") = "XrmMoq.Adapters.CrmConnection", "XrmMoq.Adapters.CrmConnection\XrmMoq.Adapters.CrmConnection.shproj", "{BFE63D01-57C1-4CC9-B427-35CB7C941E87}"
EndProject
Project("{2150E333-8FDC-42A3-9474-1A3956D46DE8}") = "Solution Items", "Solution Items", "{75D572B8-63A3-4834-A3D0-4EEE4CCC2734}"
	ProjectSection(SolutionItems) = preProject
		ExampleUnitTests.testsettings = ExampleUnitTests.testsettings
	EndProjectSection
EndProject
Global
	GlobalSection(SharedMSBuildProjectFiles) = preSolution
		XrmMoq.Shared\XrmMoq.Shared.projitems*{37c23262-218b-4ddf-85ec-1b905f403415}*SharedItemsImports = 4
		XrmMoq.Adapters.Shared\XrmMoq.Adapters.Shared.projitems*{4a3f80a9-dac4-432b-97e6-a651ddc8fa0b}*SharedItemsImports = 13
		XrmMoq.Adapters.CrmConnection\XrmMoq.Adapaters.CrmConnection.projitems*{4a9a76df-9103-497b-8402-2b9ea12f194c}*SharedItemsImports = 4
		XrmMoq.Adapters.CrmConnection\XrmMoq.Adapaters.CrmConnection.projitems*{5a015c9f-5e0b-48a2-9672-83ef2034c76d}*SharedItemsImports = 4
		XrmMoq.Adapters.CrmConnection\XrmMoq.Adapaters.CrmConnection.projitems*{5fbdf385-aa1b-4c8f-94c3-ee17cfe452ca}*SharedItemsImports = 4
		XrmMoq.Shared\XrmMoq.Shared.projitems*{67654009-1cfe-427c-97d2-b5fca744343f}*SharedItemsImports = 13
		XrmMoq.Adapters.CrmServiceClient\XrmMoq.Adapters.CrmServiceClient.projitems*{8918bdce-4c6d-4f67-ab7a-6b754754b35f}*SharedItemsImports = 4
		XrmMoq.Adapters.Shared\XrmMoq.Adapters.Shared.projitems*{8918bdce-4c6d-4f67-ab7a-6b754754b35f}*SharedItemsImports = 4
		XrmMoq.Adapters.Shared\XrmMoq.Adapters.Shared.projitems*{9d2090b5-8282-4447-9b8f-225c6eeacda4}*SharedItemsImports = 4
		XrmMoq.Adapters.CrmServiceClient\XrmMoq.Adapters.CrmServiceClient.projitems*{a6e17331-987b-4937-b626-843357a7de04}*SharedItemsImports = 13
		XrmMoq.Adapters.Shared\XrmMoq.Adapters.Shared.projitems*{b6ef9a44-f90c-451b-b29f-381ea6a42c19}*SharedItemsImports = 4
		XrmMoq.Adapters.Shared\XrmMoq.Adapters.Shared.projitems*{bc17724f-20c5-4467-9827-330190c0e146}*SharedItemsImports = 4
		XrmMoq.Adapters.CrmConnection\XrmMoq.Adapaters.CrmConnection.projitems*{bfe63d01-57c1-4cc9-b427-35cb7c941e87}*SharedItemsImports = 13
		XrmMoq.Shared\XrmMoq.Shared.projitems*{c2488bdf-7fd7-4994-b3df-d37706d16644}*SharedItemsImports = 4
		XrmMoq.Adapters.Shared\XrmMoq.Adapters.Shared.projitems*{c411f134-2b8c-4ee5-9897-875017a2a663}*SharedItemsImports = 4
		XrmMoq.Shared\XrmMoq.Shared.projitems*{e755ceb1-7cd9-4ce5-ba3b-8cfddf34acc6}*SharedItemsImports = 4
		XrmMoq.Shared\XrmMoq.Shared.projitems*{f14c6dc4-ad17-48c6-9127-9fcb1a587044}*SharedItemsImports = 4
	EndGlobalSection
	GlobalSection(SolutionConfigurationPlatforms) = preSolution
		Debug|Any CPU = Debug|Any CPU
		Release|Any CPU = Release|Any CPU
	EndGlobalSection
	GlobalSection(ProjectConfigurationPlatforms) = postSolution
		{C2488BDF-7FD7-4994-B3DF-D37706D16644}.Debug|Any CPU.ActiveCfg = Debug|Any CPU
		{C2488BDF-7FD7-4994-B3DF-D37706D16644}.Debug|Any CPU.Build.0 = Debug|Any CPU
		{C2488BDF-7FD7-4994-B3DF-D37706D16644}.Release|Any CPU.ActiveCfg = Release|Any CPU
		{C2488BDF-7FD7-4994-B3DF-D37706D16644}.Release|Any CPU.Build.0 = Release|Any CPU
		{37C23262-218B-4DDF-85EC-1B905F403415}.Debug|Any CPU.ActiveCfg = Debug|Any CPU
		{37C23262-218B-4DDF-85EC-1B905F403415}.Debug|Any CPU.Build.0 = Debug|Any CPU
		{37C23262-218B-4DDF-85EC-1B905F403415}.Release|Any CPU.ActiveCfg = Release|Any CPU
		{37C23262-218B-4DDF-85EC-1B905F403415}.Release|Any CPU.Build.0 = Release|Any CPU
		{F14C6DC4-AD17-48C6-9127-9FCB1A587044}.Debug|Any CPU.ActiveCfg = Debug|Any CPU
		{F14C6DC4-AD17-48C6-9127-9FCB1A587044}.Debug|Any CPU.Build.0 = Debug|Any CPU
		{F14C6DC4-AD17-48C6-9127-9FCB1A587044}.Release|Any CPU.ActiveCfg = Release|Any CPU
		{F14C6DC4-AD17-48C6-9127-9FCB1A587044}.Release|Any CPU.Build.0 = Release|Any CPU
		{E755CEB1-7CD9-4CE5-BA3B-8CFDDF34ACC6}.Debug|Any CPU.ActiveCfg = Debug|Any CPU
		{E755CEB1-7CD9-4CE5-BA3B-8CFDDF34ACC6}.Debug|Any CPU.Build.0 = Debug|Any CPU
		{E755CEB1-7CD9-4CE5-BA3B-8CFDDF34ACC6}.Release|Any CPU.ActiveCfg = Release|Any CPU
		{E755CEB1-7CD9-4CE5-BA3B-8CFDDF34ACC6}.Release|Any CPU.Build.0 = Release|Any CPU
		{97119408-1A5B-4CB0-83E8-164E21025C30}.Debug|Any CPU.ActiveCfg = Debug|Any CPU
		{97119408-1A5B-4CB0-83E8-164E21025C30}.Debug|Any CPU.Build.0 = Debug|Any CPU
		{97119408-1A5B-4CB0-83E8-164E21025C30}.Release|Any CPU.ActiveCfg = Release|Any CPU
		{97119408-1A5B-4CB0-83E8-164E21025C30}.Release|Any CPU.Build.0 = Release|Any CPU
		{053CD117-760D-498C-86AF-41AB8D9141A3}.Debug|Any CPU.ActiveCfg = Debug|Any CPU
		{053CD117-760D-498C-86AF-41AB8D9141A3}.Debug|Any CPU.Build.0 = Debug|Any CPU
		{053CD117-760D-498C-86AF-41AB8D9141A3}.Release|Any CPU.ActiveCfg = Release|Any CPU
		{053CD117-760D-498C-86AF-41AB8D9141A3}.Release|Any CPU.Build.0 = Release|Any CPU
		{B6EF9A44-F90C-451B-B29F-381EA6A42C19}.Debug|Any CPU.ActiveCfg = Debug|Any CPU
		{B6EF9A44-F90C-451B-B29F-381EA6A42C19}.Debug|Any CPU.Build.0 = Debug|Any CPU
		{B6EF9A44-F90C-451B-B29F-381EA6A42C19}.Release|Any CPU.ActiveCfg = Release|Any CPU
		{B6EF9A44-F90C-451B-B29F-381EA6A42C19}.Release|Any CPU.Build.0 = Release|Any CPU
		{615F66C5-C4C7-4B93-9516-319C6D50E402}.Debug|Any CPU.ActiveCfg = Debug|Any CPU
		{615F66C5-C4C7-4B93-9516-319C6D50E402}.Debug|Any CPU.Build.0 = Debug|Any CPU
		{615F66C5-C4C7-4B93-9516-319C6D50E402}.Release|Any CPU.ActiveCfg = Release|Any CPU
		{615F66C5-C4C7-4B93-9516-319C6D50E402}.Release|Any CPU.Build.0 = Release|Any CPU
		{8918BDCE-4C6D-4F67-AB7A-6B754754B35F}.Debug|Any CPU.ActiveCfg = Debug|Any CPU
		{8918BDCE-4C6D-4F67-AB7A-6B754754B35F}.Debug|Any CPU.Build.0 = Debug|Any CPU
		{8918BDCE-4C6D-4F67-AB7A-6B754754B35F}.Release|Any CPU.ActiveCfg = Release|Any CPU
		{8918BDCE-4C6D-4F67-AB7A-6B754754B35F}.Release|Any CPU.Build.0 = Release|Any CPU
		{1A9273F2-2830-4C0A-8B03-E5396055BF64}.Debug|Any CPU.ActiveCfg = Debug|Any CPU
		{1A9273F2-2830-4C0A-8B03-E5396055BF64}.Debug|Any CPU.Build.0 = Debug|Any CPU
		{1A9273F2-2830-4C0A-8B03-E5396055BF64}.Release|Any CPU.ActiveCfg = Release|Any CPU
		{1A9273F2-2830-4C0A-8B03-E5396055BF64}.Release|Any CPU.Build.0 = Release|Any CPU
		{5A015C9F-5E0B-48A2-9672-83EF2034C76D}.Debug|Any CPU.ActiveCfg = Debug|Any CPU
		{5A015C9F-5E0B-48A2-9672-83EF2034C76D}.Debug|Any CPU.Build.0 = Debug|Any CPU
		{5A015C9F-5E0B-48A2-9672-83EF2034C76D}.Release|Any CPU.ActiveCfg = Release|Any CPU
		{5A015C9F-5E0B-48A2-9672-83EF2034C76D}.Release|Any CPU.Build.0 = Release|Any CPU
		{B96A9046-5DBE-4E4E-891F-72F2C4DE7521}.Debug|Any CPU.ActiveCfg = Debug|Any CPU
		{B96A9046-5DBE-4E4E-891F-72F2C4DE7521}.Debug|Any CPU.Build.0 = Debug|Any CPU
		{B96A9046-5DBE-4E4E-891F-72F2C4DE7521}.Release|Any CPU.ActiveCfg = Release|Any CPU
		{B96A9046-5DBE-4E4E-891F-72F2C4DE7521}.Release|Any CPU.Build.0 = Release|Any CPU
		{C3B6AD7F-37B9-4C67-93B1-90B1CA0998E9}.Debug|Any CPU.ActiveCfg = Debug|Any CPU
		{C3B6AD7F-37B9-4C67-93B1-90B1CA0998E9}.Debug|Any CPU.Build.0 = Debug|Any CPU
		{C3B6AD7F-37B9-4C67-93B1-90B1CA0998E9}.Release|Any CPU.ActiveCfg = Release|Any CPU
		{C3B6AD7F-37B9-4C67-93B1-90B1CA0998E9}.Release|Any CPU.Build.0 = Release|Any CPU
		{5DD9723C-D310-4FF0-B850-6B8EC4BBE105}.Debug|Any CPU.ActiveCfg = Debug|Any CPU
		{5DD9723C-D310-4FF0-B850-6B8EC4BBE105}.Debug|Any CPU.Build.0 = Debug|Any CPU
		{5DD9723C-D310-4FF0-B850-6B8EC4BBE105}.Release|Any CPU.ActiveCfg = Release|Any CPU
		{5DD9723C-D310-4FF0-B850-6B8EC4BBE105}.Release|Any CPU.Build.0 = Release|Any CPU
		{BC17724F-20C5-4467-9827-330190C0E146}.Debug|Any CPU.ActiveCfg = Debug|Any CPU
		{BC17724F-20C5-4467-9827-330190C0E146}.Debug|Any CPU.Build.0 = Debug|Any CPU
		{BC17724F-20C5-4467-9827-330190C0E146}.Release|Any CPU.ActiveCfg = Release|Any CPU
		{BC17724F-20C5-4467-9827-330190C0E146}.Release|Any CPU.Build.0 = Release|Any CPU
		{4EA33F13-4A59-4CA8-9472-33D4F4EED692}.Debug|Any CPU.ActiveCfg = Debug|Any CPU
		{4EA33F13-4A59-4CA8-9472-33D4F4EED692}.Debug|Any CPU.Build.0 = Debug|Any CPU
		{4EA33F13-4A59-4CA8-9472-33D4F4EED692}.Release|Any CPU.ActiveCfg = Release|Any CPU
		{4EA33F13-4A59-4CA8-9472-33D4F4EED692}.Release|Any CPU.Build.0 = Release|Any CPU
		{4A9A76DF-9103-497B-8402-2B9EA12F194C}.Debug|Any CPU.ActiveCfg = Debug|Any CPU
		{4A9A76DF-9103-497B-8402-2B9EA12F194C}.Debug|Any CPU.Build.0 = Debug|Any CPU
		{4A9A76DF-9103-497B-8402-2B9EA12F194C}.Release|Any CPU.ActiveCfg = Release|Any CPU
		{4A9A76DF-9103-497B-8402-2B9EA12F194C}.Release|Any CPU.Build.0 = Release|Any CPU
		{B787DD80-F522-4623-B93F-1D6701CBCFDC}.Debug|Any CPU.ActiveCfg = Debug|Any CPU
		{B787DD80-F522-4623-B93F-1D6701CBCFDC}.Debug|Any CPU.Build.0 = Debug|Any CPU
		{B787DD80-F522-4623-B93F-1D6701CBCFDC}.Release|Any CPU.ActiveCfg = Release|Any CPU
		{B787DD80-F522-4623-B93F-1D6701CBCFDC}.Release|Any CPU.Build.0 = Release|Any CPU
		{B6F569B8-3308-4C4F-B7C7-6E79E6C6A466}.Debug|Any CPU.ActiveCfg = Debug|Any CPU
		{B6F569B8-3308-4C4F-B7C7-6E79E6C6A466}.Debug|Any CPU.Build.0 = Debug|Any CPU
		{B6F569B8-3308-4C4F-B7C7-6E79E6C6A466}.Release|Any CPU.ActiveCfg = Release|Any CPU
		{B6F569B8-3308-4C4F-B7C7-6E79E6C6A466}.Release|Any CPU.Build.0 = Release|Any CPU
		{A1398121-92BD-4F5B-9D2D-F3672B702488}.Debug|Any CPU.ActiveCfg = Debug|Any CPU
		{A1398121-92BD-4F5B-9D2D-F3672B702488}.Debug|Any CPU.Build.0 = Debug|Any CPU
		{A1398121-92BD-4F5B-9D2D-F3672B702488}.Release|Any CPU.ActiveCfg = Release|Any CPU
		{A1398121-92BD-4F5B-9D2D-F3672B702488}.Release|Any CPU.Build.0 = Release|Any CPU
		{9D2090B5-8282-4447-9B8F-225C6EEACDA4}.Debug|Any CPU.ActiveCfg = Debug|Any CPU
		{9D2090B5-8282-4447-9B8F-225C6EEACDA4}.Debug|Any CPU.Build.0 = Debug|Any CPU
		{9D2090B5-8282-4447-9B8F-225C6EEACDA4}.Release|Any CPU.ActiveCfg = Release|Any CPU
		{9D2090B5-8282-4447-9B8F-225C6EEACDA4}.Release|Any CPU.Build.0 = Release|Any CPU
		{494F0790-F816-497E-BCE7-3D25A7CE758E}.Debug|Any CPU.ActiveCfg = Debug|Any CPU
		{494F0790-F816-497E-BCE7-3D25A7CE758E}.Debug|Any CPU.Build.0 = Debug|Any CPU
		{494F0790-F816-497E-BCE7-3D25A7CE758E}.Release|Any CPU.ActiveCfg = Release|Any CPU
		{494F0790-F816-497E-BCE7-3D25A7CE758E}.Release|Any CPU.Build.0 = Release|Any CPU
		{5FBDF385-AA1B-4C8F-94C3-EE17CFE452CA}.Debug|Any CPU.ActiveCfg = Debug|Any CPU
		{5FBDF385-AA1B-4C8F-94C3-EE17CFE452CA}.Debug|Any CPU.Build.0 = Debug|Any CPU
		{5FBDF385-AA1B-4C8F-94C3-EE17CFE452CA}.Release|Any CPU.ActiveCfg = Release|Any CPU
		{5FBDF385-AA1B-4C8F-94C3-EE17CFE452CA}.Release|Any CPU.Build.0 = Release|Any CPU
		{454BAF39-E1EC-4107-9CB0-9EF1CCA45F61}.Debug|Any CPU.ActiveCfg = Debug|Any CPU
		{454BAF39-E1EC-4107-9CB0-9EF1CCA45F61}.Debug|Any CPU.Build.0 = Debug|Any CPU
		{454BAF39-E1EC-4107-9CB0-9EF1CCA45F61}.Release|Any CPU.ActiveCfg = Release|Any CPU
		{454BAF39-E1EC-4107-9CB0-9EF1CCA45F61}.Release|Any CPU.Build.0 = Release|Any CPU
		{6B6C5CDD-6F30-42BF-8B7B-7406D1507DB4}.Debug|Any CPU.ActiveCfg = Debug|Any CPU
		{6B6C5CDD-6F30-42BF-8B7B-7406D1507DB4}.Debug|Any CPU.Build.0 = Debug|Any CPU
		{6B6C5CDD-6F30-42BF-8B7B-7406D1507DB4}.Release|Any CPU.ActiveCfg = Release|Any CPU
		{6B6C5CDD-6F30-42BF-8B7B-7406D1507DB4}.Release|Any CPU.Build.0 = Release|Any CPU
		{A2322BC2-2A64-48B8-93F2-26BECE407091}.Debug|Any CPU.ActiveCfg = Debug|Any CPU
		{A2322BC2-2A64-48B8-93F2-26BECE407091}.Debug|Any CPU.Build.0 = Debug|Any CPU
		{A2322BC2-2A64-48B8-93F2-26BECE407091}.Release|Any CPU.ActiveCfg = Release|Any CPU
		{A2322BC2-2A64-48B8-93F2-26BECE407091}.Release|Any CPU.Build.0 = Release|Any CPU
		{C411F134-2B8C-4EE5-9897-875017A2A663}.Debug|Any CPU.ActiveCfg = Debug|Any CPU
		{C411F134-2B8C-4EE5-9897-875017A2A663}.Debug|Any CPU.Build.0 = Debug|Any CPU
		{C411F134-2B8C-4EE5-9897-875017A2A663}.Release|Any CPU.ActiveCfg = Release|Any CPU
		{C411F134-2B8C-4EE5-9897-875017A2A663}.Release|Any CPU.Build.0 = Release|Any CPU
		{F21BFEF4-7212-4C46-AECF-BC4B66EEB775}.Debug|Any CPU.ActiveCfg = Debug|Any CPU
		{F21BFEF4-7212-4C46-AECF-BC4B66EEB775}.Debug|Any CPU.Build.0 = Debug|Any CPU
		{F21BFEF4-7212-4C46-AECF-BC4B66EEB775}.Release|Any CPU.ActiveCfg = Release|Any CPU
		{F21BFEF4-7212-4C46-AECF-BC4B66EEB775}.Release|Any CPU.Build.0 = Release|Any CPU
	EndGlobalSection
	GlobalSection(SolutionProperties) = preSolution
		HideSolutionNode = FALSE
	EndGlobalSection
	GlobalSection(NestedProjects) = preSolution
		{17ECA4DB-AF2A-4237-B2A7-560DE96543AE} = {955D9635-652E-4E04-A5E8-31059BB0CED5}
		{97119408-1A5B-4CB0-83E8-164E21025C30} = {17ECA4DB-AF2A-4237-B2A7-560DE96543AE}
		{053CD117-760D-498C-86AF-41AB8D9141A3} = {17ECA4DB-AF2A-4237-B2A7-560DE96543AE}
		{B6EF9A44-F90C-451B-B29F-381EA6A42C19} = {17ECA4DB-AF2A-4237-B2A7-560DE96543AE}
		{615F66C5-C4C7-4B93-9516-319C6D50E402} = {17ECA4DB-AF2A-4237-B2A7-560DE96543AE}
		{8918BDCE-4C6D-4F67-AB7A-6B754754B35F} = {17ECA4DB-AF2A-4237-B2A7-560DE96543AE}
		{1A9273F2-2830-4C0A-8B03-E5396055BF64} = {17ECA4DB-AF2A-4237-B2A7-560DE96543AE}
		{447E72FD-8AC4-46BA-AE34-CA145C9496E6} = {955D9635-652E-4E04-A5E8-31059BB0CED5}
		{5A015C9F-5E0B-48A2-9672-83EF2034C76D} = {447E72FD-8AC4-46BA-AE34-CA145C9496E6}
		{B96A9046-5DBE-4E4E-891F-72F2C4DE7521} = {447E72FD-8AC4-46BA-AE34-CA145C9496E6}
		{C3B6AD7F-37B9-4C67-93B1-90B1CA0998E9} = {447E72FD-8AC4-46BA-AE34-CA145C9496E6}
		{5DD9723C-D310-4FF0-B850-6B8EC4BBE105} = {447E72FD-8AC4-46BA-AE34-CA145C9496E6}
		{BC17724F-20C5-4467-9827-330190C0E146} = {447E72FD-8AC4-46BA-AE34-CA145C9496E6}
		{4EA33F13-4A59-4CA8-9472-33D4F4EED692} = {447E72FD-8AC4-46BA-AE34-CA145C9496E6}
		{2C499ED7-1562-4693-8A37-22EBBE320D13} = {955D9635-652E-4E04-A5E8-31059BB0CED5}
		{4A9A76DF-9103-497B-8402-2B9EA12F194C} = {2C499ED7-1562-4693-8A37-22EBBE320D13}
		{B787DD80-F522-4623-B93F-1D6701CBCFDC} = {2C499ED7-1562-4693-8A37-22EBBE320D13}
		{B6F569B8-3308-4C4F-B7C7-6E79E6C6A466} = {2C499ED7-1562-4693-8A37-22EBBE320D13}
		{A1398121-92BD-4F5B-9D2D-F3672B702488} = {2C499ED7-1562-4693-8A37-22EBBE320D13}
		{9D2090B5-8282-4447-9B8F-225C6EEACDA4} = {2C499ED7-1562-4693-8A37-22EBBE320D13}
		{494F0790-F816-497E-BCE7-3D25A7CE758E} = {2C499ED7-1562-4693-8A37-22EBBE320D13}
		{AB58FAC8-B8CD-49AB-BA06-434A56F89F57} = {955D9635-652E-4E04-A5E8-31059BB0CED5}
		{5FBDF385-AA1B-4C8F-94C3-EE17CFE452CA} = {AB58FAC8-B8CD-49AB-BA06-434A56F89F57}
		{454BAF39-E1EC-4107-9CB0-9EF1CCA45F61} = {AB58FAC8-B8CD-49AB-BA06-434A56F89F57}
		{6B6C5CDD-6F30-42BF-8B7B-7406D1507DB4} = {AB58FAC8-B8CD-49AB-BA06-434A56F89F57}
		{A2322BC2-2A64-48B8-93F2-26BECE407091} = {AB58FAC8-B8CD-49AB-BA06-434A56F89F57}
		{C411F134-2B8C-4EE5-9897-875017A2A663} = {AB58FAC8-B8CD-49AB-BA06-434A56F89F57}
		{F21BFEF4-7212-4C46-AECF-BC4B66EEB775} = {AB58FAC8-B8CD-49AB-BA06-434A56F89F57}
	EndGlobalSection
EndGlobal
